
Microsoft Visual Studio Solution File, Format Version 12.00
# Visual Studio 14
VisualStudioVersion = 14.0.25420.1
MinimumVisualStudioVersion = 10.0.40219.1
Project("{159641D6-6404-4A2A-AE62-294DE0FE8301}") = "PeopleSoft Upload", "PeopleSoft Upload.dtproj", "{8CAB2DA5-AC8B-412A-AB93-D41D8BD01EFF}"
EndProject
Global
	GlobalSection(SolutionConfigurationPlatforms) = preSolution
		Development|Default = Development|Default
	EndGlobalSection
	GlobalSection(ProjectConfigurationPlatforms) = postSolution
		{8CAB2DA5-AC8B-412A-AB93-D41D8BD01EFF}.Development|Default.ActiveCfg = Development
		{8CAB2DA5-AC8B-412A-AB93-D41D8BD01EFF}.Development|Default.Build.0 = Development
	EndGlobalSection
	GlobalSection(SolutionProperties) = preSolution
		HideSolutionNode = FALSE
	EndGlobalSection
EndGlobal
